<Solution>
  <Folder Name="/.git/">
    <File Path="../.gitignore" />
  </Folder>
  <Project Path="Day1/Day1.csproj" />
  <Project Path="Day2/Day2.csproj" Id="5c37d086-d9fa-45da-90e8-fcec15c8e2de" />
  <Project Path="Day3/Day3.csproj" Id="e728af9e-d81c-4545-a8c0-9765eacc5fe8" />
  <Project Path="Day4/Day4.csproj" Id="e2dec927-594c-47d8-89fd-407d4169f6ba" />
  <Project Path="Day5/Day5.csproj" Id="1061bbbd-2ed7-4d87-bbd0-3302bc0e8470" />
  <Project Path="Day6/Day6.csproj" Id="a1671e0c-627c-4ead-a206-e62c7469cf1a" />
  <Project Path="Day7/Day7.csproj" Id="b12d3a23-9581-4c1a-bd95-bd6ac32a7554" />
  <Project Path="Day8/Day8.csproj" Id="8b7660cd-303b-4e70-99aa-2d59a6c78b13" />
  <Project Path="Shared/Shared.csproj" Id="c8126987-5c65-43c4-abdc-d19d4f8d7fa7" />
</Solution>
